// !$*UTF8*$!
{
	archiveVersion = 1;
	classes = {
	};
	objectVersion = 56;
	objects = {

/* Begin PBXBuildFile section */
		5A604E6829A9C68900AEF3DA /* AppDelegate.swift in Sources */ = {isa = PBXBuildFile; fileRef = 5A604E6729A9C68900AEF3DA /* AppDelegate.swift */; };
		5A604E6A29A9C68900AEF3DA /* SceneDelegate.swift in Sources */ = {isa = PBXBuildFile; fileRef = 5A604E6929A9C68900AEF3DA /* SceneDelegate.swift */; };
		5A604E6C29A9C68900AEF3DA /* ViewController.swift in Sources */ = {isa = PBXBuildFile; fileRef = 5A604E6B29A9C68900AEF3DA /* ViewController.swift */; };
		5A604E6F29A9C68900AEF3DA /* Main.storyboard in Resources */ = {isa = PBXBuildFile; fileRef = 5A604E6D29A9C68900AEF3DA /* Main.storyboard */; };
		5A604E7129A9C68C00AEF3DA /* Assets.xcassets in Resources */ = {isa = PBXBuildFile; fileRef = 5A604E7029A9C68C00AEF3DA /* Assets.xcassets */; };
		5A604E7429A9C68C00AEF3DA /* LaunchScreen.storyboard in Resources */ = {isa = PBXBuildFile; fileRef = 5A604E7229A9C68C00AEF3DA /* LaunchScreen.storyboard */; };
		5A604E7C29AA57AE00AEF3DA /* information.swift in Sources */ = {isa = PBXBuildFile; fileRef = 5A604E7B29AA57AD00AEF3DA /* information.swift */; };
		5A604E7E29AA5C8000AEF3DA /* DetailViewController.swift in Sources */ = {isa = PBXBuildFile; fileRef = 5A604E7D29AA5C8000AEF3DA /* DetailViewController.swift */; };
/* End PBXBuildFile section */

/* Begin PBXFileReference section */
		5A604E6429A9C68900AEF3DA /* Sasuke.app */ = {isa = PBXFileReference; explicitFileType = wrapper.application; includeInIndex = 0; path = Sasuke.app; sourceTree = BUILT_PRODUCTS_DIR; };
		5A604E6729A9C68900AEF3DA /* AppDelegate.swift */ = {isa = PBXFileReference; lastKnownFileType = sourcecode.swift; path = AppDelegate.swift; sourceTree = "<group>"; };
		5A604E6929A9C68900AEF3DA /* SceneDelegate.swift */ = {isa = PBXFileReference; lastKnownFileType = sourcecode.swift; path = SceneDelegate.swift; sourceTree = "<group>"; };
		5A604E6B29A9C68900AEF3DA /* ViewController.swift */ = {isa = PBXFileReference; lastKnownFileType = sourcecode.swift; path = ViewController.swift; sourceTree = "<group>"; };
		5A604E6E29A9C68900AEF3DA /* Base */ = {isa = PBXFileReference; lastKnownFileType = file.storyboard; name = Base; path = Base.lproj/Main.storyboard; sourceTree = "<group>"; };
		5A604E7029A9C68C00AEF3DA /* Assets.xcassets */ = {isa = PBXFileReference; lastKnownFileType = folder.assetcatalog; path = Assets.xcassets; sourceTree = "<group>"; };
		5A604E7329A9C68C00AEF3DA /* Base */ = {isa = PBXFileReference; lastKnownFileType = file.storyboard; name = Base; path = Base.lproj/LaunchScreen.storyboard; sourceTree = "<group>"; };
		5A604E7529A9C68C00AEF3DA /* Info.plist */ = {isa = PBXFileReference; lastKnownFileType = text.plist.xml; path = Info.plist; sourceTree = "<group>"; };
		5A604E7B29AA57AD00AEF3DA /* information.swift */ = {isa = PBXFileReference; lastKnownFileType = sourcecode.swift; path = information.swift; sourceTree = "<group>"; };
		5A604E7D29AA5C8000AEF3DA /* DetailViewController.swift */ = {isa = PBXFileReference; lastKnownFileType = sourcecode.swift; path = DetailViewController.swift; sourceTree = "<group>"; };
/* End PBXFileReference section */

/* Begin PBXFrameworksBuildPhase section */
		5A604E6129A9C68900AEF3DA /* Frameworks */ = {
			isa = PBXFrameworksBuildPhase;
			buildActionMask = 2147483647;
			files = (
			);
			runOnlyForDeploymentPostprocessing = 0;
		};
/* End PBXFrameworksBuildPhase section */

/* Begin PBXGroup section */
		5A604E5B29A9C68900AEF3DA = {
			isa = PBXGroup;
			children = (
				5A604E6629A9C68900AEF3DA /* Sasuke */,
				5A604E6529A9C68900AEF3DA /* Products */,
			);
			sourceTree = "<group>";
		};
		5A604E6529A9C68900AEF3DA /* Products */ = {
			isa = PBXGroup;
			children = (
				5A604E6429A9C68900AEF3DA /* Sasuke.app */,
			);
			name = Products;
			sourceTree = "<group>";
		};
		5A604E6629A9C68900AEF3DA /* Sasuke */ = {
			isa = PBXGroup;
			children = (
				5A604E6729A9C68900AEF3DA /* AppDelegate.swift */,
				5A604E6929A9C68900AEF3DA /* SceneDelegate.swift */,
				5A604E6B29A9C68900AEF3DA /* ViewController.swift */,
				5A604E6D29A9C68900AEF3DA /* Main.storyboard */,
				5A604E7D29AA5C8000AEF3DA /* DetailViewController.swift */,
				5A604E7B29AA57AD00AEF3DA /* information.swift */,
				5A604E7029A9C68C00AEF3DA /* Assets.xcassets */,
				5A604E7229A9C68C00AEF3DA /* LaunchScreen.storyboard */,
				5A604E7529A9C68C00AEF3DA /* Info.plist */,
			);
			path = Sasuke;
			sourceTree = "<group>";
		};
/* End PBXGroup section */

/* Begin PBXNativeTarget section */
		5A604E6329A9C68900AEF3DA /* Sasuke */ = {
			isa = PBXNativeTarget;
			buildConfigurationList = 5A604E7829A9C68C00AEF3DA /* Build configuration list for PBXNativeTarget "Sasuke" */;
			buildPhases = (
				5A604E6029A9C68900AEF3DA /* Sources */,
				5A604E6129A9C68900AEF3DA /* Frameworks */,
				5A604E6229A9C68900AEF3DA /* Resources */,
			);
			buildRules = (
			);
			dependencies = (
			);
			name = Sasuke;
			productName = Sasuke;
			productReference = 5A604E6429A9C68900AEF3DA /* Sasuke.app */;
			productType = "com.apple.product-type.application";
		};
/* End PBXNativeTarget section */

/* Begin PBXProject section */
		5A604E5C29A9C68900AEF3DA /* Project object */ = {
			isa = PBXProject;
			attributes = {
				BuildIndependentTargetsInParallel = 1;
				LastSwiftUpdateCheck = 1420;
				LastUpgradeCheck = 1420;
				TargetAttributes = {
					5A604E6329A9C68900AEF3DA = {
						CreatedOnToolsVersion = 14.2;
					};
				};
			};
			buildConfigurationList = 5A604E5F29A9C68900AEF3DA /* Build configuration list for PBXProject "Sasuke" */;
			compatibilityVersion = "Xcode 14.0";
			developmentRegion = en;
			hasScannedForEncodings = 0;
			knownRegions = (
				en,
				Base,
			);
			mainGroup = 5A604E5B29A9C68900AEF3DA;
			productRefGroup = 5A604E6529A9C68900AEF3DA /* Products */;
			projectDirPath = "";
			projectRoot = "";
			targets = (
				5A604E6329A9C68900AEF3DA /* Sasuke */,
			);
		};
/* End PBXProject section */

/* Begin PBXResourcesBuildPhase section */
		5A604E6229A9C68900AEF3DA /* Resources */ = {
			isa = PBXResourcesBuildPhase;
			buildActionMask = 2147483647;
			files = (
				5A604E7429A9C68C00AEF3DA /* LaunchScreen.storyboard in Resources */,
				5A604E7129A9C68C00AEF3DA /* Assets.xcassets in Resources */,
				5A604E6F29A9C68900AEF3DA /* Main.storyboard in Resources */,
			);
			runOnlyForDeploymentPostprocessing = 0;
		};
/* End PBXResourcesBuildPhase section */

/* Begin PBXSourcesBuildPhase section */
		5A604E6029A9C68900AEF3DA /* Sources */ = {
			isa = PBXSourcesBuildPhase;
			buildActionMask = 2147483647;
			files = (
				5A604E6C29A9C68900AEF3DA /* ViewController.swift in Sources */,
				5A604E6829A9C68900AEF3DA /* AppDelegate.swift in Sources */,
				5A604E7E29AA5C8000AEF3DA /* DetailViewController.swift in Sources */,
				5A604E7C29AA57AE00AEF3DA /* information.swift in Sources */,
				5A604E6A29A9C68900AEF3DA /* SceneDelegate.swift in Sources */,
			);
			runOnlyForDeploymentPostprocessing = 0;
		};
/* End PBXSourcesBuildPhase section */

/* Begin PBXVariantGroup section */
		5A604E6D29A9C68900AEF3DA /* Main.storyboard */ = {
			isa = PBXVariantGroup;
			children = (
				5A604E6E29A9C68900AEF3DA /* Base */,
			);
			name = Main.storyboard;
			sourceTree = "<group>";
		};
		5A604E7229A9C68C00AEF3DA /* LaunchScreen.storyboard */ = {
			isa = PBXVariantGroup;
			children = (
				5A604E7329A9C68C00AEF3DA /* Base */,
			);
			name = LaunchScreen.storyboard;
			sourceTree = "<group>";
		};
/* End PBXVariantGroup section */

/* Begin XCBuildConfiguration section */
		5A604E7629A9C68C00AEF3DA /* Debug */ = {
			isa = XCBuildConfiguration;
			buildSettings = {
				ALWAYS_SEARCH_USER_PATHS = NO;
				CLANG_ANALYZER_NONNULL = YES;
				CLANG_ANALYZER_NUMBER_OBJECT_CONVERSION = YES_AGGRESSIVE;
				CLANG_CXX_LANGUAGE_STANDARD = "gnu++20";
				CLANG_ENABLE_MODULES = YES;
				CLANG_ENABLE_OBJC_ARC = YES;
				CLANG_ENABLE_OBJC_WEAK = YES;
				CLANG_WARN_BLOCK_CAPTURE_AUTORELEASING = YES;
				CLANG_WARN_BOOL_CONVERSION = YES;
				CLANG_WARN_COMMA = YES;
				CLANG_WARN_CONSTANT_CONVERSION = YES;
				CLANG_WARN_DEPRECATED_OBJC_IMPLEMENTATIONS = YES;
				CLANG_WARN_DIRECT_OBJC_ISA_USAGE = YES_ERROR;
				CLANG_WARN_DOCUMENTATION_COMMENTS = YES;
				CLANG_WARN_EMPTY_BODY = YES;
				CLANG_WARN_ENUM_CONVERSION = YES;
				CLANG_WARN_INFINITE_RECURSION = YES;
				CLANG_WARN_INT_CONVERSION = YES;
				CLANG_WARN_NON_LITERAL_NULL_CONVERSION = YES;
				CLANG_WARN_OBJC_IMPLICIT_RETAIN_SELF = YES;
				CLANG_WARN_OBJC_LITERAL_CONVERSION = YES;
				CLANG_WARN_OBJC_ROOT_CLASS = YES_ERROR;
				CLANG_WARN_QUOTED_INCLUDE_IN_FRAMEWORK_HEADER = YES;
				CLANG_WARN_RANGE_LOOP_ANALYSIS = YES;
				CLANG_WARN_STRICT_PROTOTYPES = YES;
				CLANG_WARN_SUSPICIOUS_MOVE = YES;
				CLANG_WARN_UNGUARDED_AVAILABILITY = YES_AGGRESSIVE;
				CLANG_WARN_UNREACHABLE_CODE = YES;
				CLANG_WARN__DUPLICATE_METHOD_MATCH = YES;
				COPY_PHASE_STRIP = NO;
				DEBUG_INFORMATION_FORMAT = dwarf;
				ENABLE_STRICT_OBJC_MSGSEND = YES;
				ENABLE_TESTABILITY = YES;
				GCC_C_LANGUAGE_STANDARD = gnu11;
				GCC_DYNAMIC_NO_PIC = NO;
				GCC_NO_COMMON_BLOCKS = YES;
				GCC_OPTIMIZATION_LEVEL = 0;
				GCC_PREPROCESSOR_DEFINITIONS = (
					"DEBUG=1",
					"$(inherited)",
				);
				GCC_WARN_64_TO_32_BIT_CONVERSION = YES;
				GCC_WARN_ABOUT_RETURN_TYPE = YES_ERROR;
				GCC_WARN_UNDECLARED_SELECTOR = YES;
				GCC_WARN_UNINITIALIZED_AUTOS = YES_AGGRESSIVE;
				GCC_WARN_UNUSED_FUNCTION = YES;
				GCC_WARN_UNUSED_VARIABLE = YES;
				IPHONEOS_DEPLOYMENT_TARGET = 16.2;
				MTL_ENABLE_DEBUG_INFO = INCLUDE_SOURCE;
				MTL_FAST_MATH = YES;
				ONLY_ACTIVE_ARCH = YES;
				SDKROOT = iphoneos;
				SWIFT_ACTIVE_COMPILATION_CONDITIONS = DEBUG;
				SWIFT_OPTIMIZATION_LEVEL = "-Onone";
			};
			name = Debug;
		};
		5A604E7729A9C68C00AEF3DA /* Release */ = {
			isa = XCBuildConfiguration;
			buildSettings = {
				ALWAYS_SEARCH_USER_PATHS = NO;
				CLANG_ANALYZER_NONNULL = YES;
				CLANG_ANALYZER_NUMBER_OBJECT_CONVERSION = YES_AGGRESSIVE;
				CLANG_CXX_LANGUAGE_STANDARD = "gnu++20";
				CLANG_ENABLE_MODULES = YES;
				CLANG_ENABLE_OBJC_ARC = YES;
				CLANG_ENABLE_OBJC_WEAK = YES;
				CLANG_WARN_BLOCK_CAPTURE_AUTORELEASING = YES;
				CLANG_WARN_BOOL_CONVERSION = YES;
				CLANG_WARN_COMMA = YES;
				CLANG_WARN_CONSTANT_CONVERSION = YES;
				CLANG_WARN_DEPRECATED_OBJC_IMPLEMENTATIONS = YES;
				CLANG_WARN_DIRECT_OBJC_ISA_USAGE = YES_ERROR;
				CLANG_WARN_DOCUMENTATION_COMMENTS = YES;
				CLANG_WARN_EMPTY_BODY = YES;
				CLANG_WARN_ENUM_CONVERSION = YES;
				CLANG_WARN_INFINITE_RECURSION = YES;
				CLANG_WARN_INT_CONVERSION = YES;
				CLANG_WARN_NON_LITERAL_NULL_CONVERSION = YES;
				CLANG_WARN_OBJC_IMPLICIT_RETAIN_SELF = YES;
				CLANG_WARN_OBJC_LITERAL_CONVERSION = YES;
				CLANG_WARN_OBJC_ROOT_CLASS = YES_ERROR;
				CLANG_WARN_QUOTED_INCLUDE_IN_FRAMEWORK_HEADER = YES;
				CLANG_WARN_RANGE_LOOP_ANALYSIS = YES;
				CLANG_WARN_STRICT_PROTOTYPES = YES;
				CLANG_WARN_SUSPICIOUS_MOVE = YES;
				CLANG_WARN_UNGUARDED_AVAILABILITY = YES_AGGRESSIVE;
				CLANG_WARN_UNREACHABLE_CODE = YES;
				CLANG_WARN__DUPLICATE_METHOD_MATCH = YES;
				COPY_PHASE_STRIP = NO;
				DEBUG_INFORMATION_FORMAT = "dwarf-with-dsym";
				ENABLE_NS_ASSERTIONS = NO;
				ENABLE_STRICT_OBJC_MSGSEND = YES;
				GCC_C_LANGUAGE_STANDARD = gnu11;
				GCC_NO_COMMON_BLOCKS = YES;
				GCC_WARN_64_TO_32_BIT_CONVERSION = YES;
				GCC_WARN_ABOUT_RETURN_TYPE = YES_ERROR;
				GCC_WARN_UNDECLARED_SELECTOR = YES;
				GCC_WARN_UNINITIALIZED_AUTOS = YES_AGGRESSIVE;
				GCC_WARN_UNUSED_FUNCTION = YES;
				GCC_WARN_UNUSED_VARIABLE = YES;
				IPHONEOS_DEPLOYMENT_TARGET = 16.2;
				MTL_ENABLE_DEBUG_INFO = NO;
				MTL_FAST_MATH = YES;
				SDKROOT = iphoneos;
				SWIFT_COMPILATION_MODE = wholemodule;
				SWIFT_OPTIMIZATION_LEVEL = "-O";
				VALIDATE_PRODUCT = YES;
			};
			name = Release;
		};
		5A604E7929A9C68C00AEF3DA /* Debug */ = {
			isa = XCBuildConfiguration;
			buildSettings = {
				ASSETCATALOG_COMPILER_APPICON_NAME = AppIcon;
				ASSETCATALOG_COMPILER_GLOBAL_ACCENT_COLOR_NAME = AccentColor;
				CODE_SIGN_STYLE = Automatic;
				CURRENT_PROJECT_VERSION = 1;
				DEVELOPMENT_TEAM = Z8Y89N8MYU;
				GENERATE_INFOPLIST_FILE = YES;
				INFOPLIST_FILE = Sasuke/Info.plist;
				INFOPLIST_KEY_UIApplicationSupportsIndirectInputEvents = YES;
				INFOPLIST_KEY_UILaunchStoryboardName = LaunchScreen;
				INFOPLIST_KEY_UIMainStoryboardFile = Main;
				INFOPLIST_KEY_UISupportedInterfaceOrientations_iPad = "UIInterfaceOrientationPortrait UIInterfaceOrientationPortraitUpsideDown UIInterfaceOrientationLandscapeLeft UIInterfaceOrientationLandscapeRight";
				INFOPLIST_KEY_UISupportedInterfaceOrientations_iPhone = "UIInterfaceOrientationPortrait UIInterfaceOrientationLandscapeLeft UIInterfaceOrientationLandscapeRight";
				LD_RUNPATH_SEARCH_PATHS = (
					"$(inherited)",
					"@executable_path/Frameworks",
				);
				MARKETING_VERSION = 1.0;
				PRODUCT_BUNDLE_IDENTIFIER = co.keenanray.Sasuke;
				PRODUCT_NAME = "$(TARGET_NAME)";
				SWIFT_EMIT_LOC_STRINGS = YES;
				SWIFT_VERSION = 5.0;
				TARGETED_DEVICE_FAMILY = "1,2";
			};
			name = Debug;
		};
		5A604E7A29A9C68C00AEF3DA /* Release */ = {
			isa = XCBuildConfiguration;
			buildSettings = {
				ASSETCATALOG_COMPILER_APPICON_NAME = AppIcon;
				ASSETCATALOG_COMPILER_GLOBAL_ACCENT_COLOR_NAME = AccentColor;
				CODE_SIGN_STYLE = Automatic;
				CURRENT_PROJECT_VERSION = 1;
				DEVELOPMENT_TEAM = Z8Y89N8MYU;
				GENERATE_INFOPLIST_FILE = YES;
				INFOPLIST_FILE = Sasuke/Info.plist;
				INFOPLIST_KEY_UIApplicationSupportsIndirectInputEvents = YES;
				INFOPLIST_KEY_UILaunchStoryboardName = LaunchScreen;
				INFOPLIST_KEY_UIMainStoryboardFile = Main;
				INFOPLIST_KEY_UISupportedInterfaceOrientations_iPad = "UIInterfaceOrientationPortrait UIInterfaceOrientationPortraitUpsideDown UIInterfaceOrientationLandscapeLeft UIInterfaceOrientationLandscapeRight";
				INFOPLIST_KEY_UISupportedInterfaceOrientations_iPhone = "UIInterfaceOrientationPortrait UIInterfaceOrientationLandscapeLeft UIInterfaceOrientationLandscapeRight";
				LD_RUNPATH_SEARCH_PATHS = (
					"$(inherited)",
					"@executable_path/Frameworks",
				);
				MARKETING_VERSION = 1.0;
				PRODUCT_BUNDLE_IDENTIFIER = co.keenanray.Sasuke;
				PRODUCT_NAME = "$(TARGET_NAME)";
				SWIFT_EMIT_LOC_STRINGS = YES;
				SWIFT_VERSION = 5.0;
				TARGETED_DEVICE_FAMILY = "1,2";
			};
			name = Release;
		};
/* End XCBuildConfiguration section */

/* Begin XCConfigurationList section */
		5A604E5F29A9C68900AEF3DA /* Build configuration list for PBXProject "Sasuke" */ = {
			isa = XCConfigurationList;
			buildConfigurations = (
				5A604E7629A9C68C00AEF3DA /* Debug */,
				5A604E7729A9C68C00AEF3DA /* Release */,
			);
			defaultConfigurationIsVisible = 0;
			defaultConfigurationName = Release;
		};
		5A604E7829A9C68C00AEF3DA /* Build configuration list for PBXNativeTarget "Sasuke" */ = {
			isa = XCConfigurationList;
			buildConfigurations = (
				5A604E7929A9C68C00AEF3DA /* Debug */,
				5A604E7A29A9C68C00AEF3DA /* Release */,
			);
			defaultConfigurationIsVisible = 0;
			defaultConfigurationName = Release;
		};
/* End XCConfigurationList section */
	};
	rootObject = 5A604E5C29A9C68900AEF3DA /* Project object */;
}
